
Microsoft Visual Studio Solution File, Format Version 12.00
# Visual Studio Version 16
VisualStudioVersion = 16.0.32413.511
MinimumVisualStudioVersion = 10.0.40219.1
Project("{FAE04EC0-301F-11D3-BF4B-00C04F79EFBC}") = "PlaylistSaver", "PlaylistSaver\PlaylistSaver.csproj", "{005D2C58-3D49-4DB1-8D0B-FFB784D5FC2A}"
EndProject
Global
	GlobalSection(SolutionConfigurationPlatforms) = preSolution
		Debug|Any CPU = Debug|Any CPU
		Release|Any CPU = Release|Any CPU
	EndGlobalSection
	GlobalSection(ProjectConfigurationPlatforms) = postSolution
		{005D2C58-3D49-4DB1-8D0B-FFB784D5FC2A}.Debug|Any CPU.ActiveCfg = Debug|Any CPU
		{005D2C58-3D49-4DB1-8D0B-FFB784D5FC2A}.Debug|Any CPU.Build.0 = Debug|Any CPU
		{005D2C58-3D49-4DB1-8D0B-FFB784D5FC2A}.Release|Any CPU.ActiveCfg = Release|Any CPU
		{005D2C58-3D49-4DB1-8D0B-FFB784D5FC2A}.Release|Any CPU.Build.0 = Release|Any CPU
	EndGlobalSection
	GlobalSection(SolutionProperties) = preSolution
		HideSolutionNode = FALSE
	EndGlobalSection
	GlobalSection(ExtensibilityGlobals) = postSolution
		SolutionGuid = {A7157101-871D-4B63-955E-9CF96D1188B2}
	EndGlobalSection
EndGlobal
